
Microsoft Visual Studio Solution File, Format Version 12.00
# Visual Studio Version 17
VisualStudioVersion = 17.8.34309.116
MinimumVisualStudioVersion = 10.0.40219.1
Project("{9A19103F-16F7-4668-BE54-9A1E7A4F7556}") = "Blazor_MestreDetalhes", "BlazorApp2Server\Blazor_MestreDetalhes.csproj", "{661CEF33-FB5B-4267-96CC-B8955301ED84}"
	ProjectSection(ProjectDependencies) = postProject
		{66ACCC9C-456F-4369-8E58-1D38D73CB224} = {66ACCC9C-456F-4369-8E58-1D38D73CB224}
	EndProjectSection
EndProject
Project("{9A19103F-16F7-4668-BE54-9A1E7A4F7556}") = "Dieta.API", "Dieta.API\Dieta.API.csproj", "{66ACCC9C-456F-4369-8E58-1D38D73CB224}"
	ProjectSection(ProjectDependencies) = postProject
		{67072071-727B-4E6C-B5CA-47FB00F6E235} = {67072071-727B-4E6C-B5CA-47FB00F6E235}
	EndProjectSection
EndProject
Project("{9A19103F-16F7-4668-BE54-9A1E7A4F7556}") = "Dieta.Core", "Dieta.Core\Dieta.Core.csproj", "{67072071-727B-4E6C-B5CA-47FB00F6E235}"
EndProject
Project("{FAE04EC0-301F-11D3-BF4B-00C04F79EFBC}") = "Dieta.Infrastructure", "Dieta.Infrastructure\Dieta.Infrastructure.csproj", "{673C0BB7-C9F9-4001-927C-B404029F1F66}"
EndProject
Project("{FAE04EC0-301F-11D3-BF4B-00C04F79EFBC}") = "Dieta.Communication", "Dieta.Communication\Dieta.Communication.csproj", "{18D2CFFF-BFFA-4EB1-8AF4-6E4488082189}"
EndProject
Global
	GlobalSection(SolutionConfigurationPlatforms) = preSolution
		Debug|Any CPU = Debug|Any CPU
		Release|Any CPU = Release|Any CPU
	EndGlobalSection
	GlobalSection(ProjectConfigurationPlatforms) = postSolution
		{661CEF33-FB5B-4267-96CC-B8955301ED84}.Debug|Any CPU.ActiveCfg = Debug|Any CPU
		{661CEF33-FB5B-4267-96CC-B8955301ED84}.Debug|Any CPU.Build.0 = Debug|Any CPU
		{661CEF33-FB5B-4267-96CC-B8955301ED84}.Release|Any CPU.ActiveCfg = Release|Any CPU
		{661CEF33-FB5B-4267-96CC-B8955301ED84}.Release|Any CPU.Build.0 = Release|Any CPU
		{66ACCC9C-456F-4369-8E58-1D38D73CB224}.Debug|Any CPU.ActiveCfg = Debug|Any CPU
		{66ACCC9C-456F-4369-8E58-1D38D73CB224}.Debug|Any CPU.Build.0 = Debug|Any CPU
		{66ACCC9C-456F-4369-8E58-1D38D73CB224}.Release|Any CPU.ActiveCfg = Release|Any CPU
		{66ACCC9C-456F-4369-8E58-1D38D73CB224}.Release|Any CPU.Build.0 = Release|Any CPU
		{67072071-727B-4E6C-B5CA-47FB00F6E235}.Debug|Any CPU.ActiveCfg = Debug|Any CPU
		{67072071-727B-4E6C-B5CA-47FB00F6E235}.Debug|Any CPU.Build.0 = Debug|Any CPU
		{67072071-727B-4E6C-B5CA-47FB00F6E235}.Release|Any CPU.ActiveCfg = Release|Any CPU
		{67072071-727B-4E6C-B5CA-47FB00F6E235}.Release|Any CPU.Build.0 = Release|Any CPU
		{673C0BB7-C9F9-4001-927C-B404029F1F66}.Debug|Any CPU.ActiveCfg = Debug|Any CPU
		{673C0BB7-C9F9-4001-927C-B404029F1F66}.Debug|Any CPU.Build.0 = Debug|Any CPU
		{673C0BB7-C9F9-4001-927C-B404029F1F66}.Release|Any CPU.ActiveCfg = Release|Any CPU
		{673C0BB7-C9F9-4001-927C-B404029F1F66}.Release|Any CPU.Build.0 = Release|Any CPU
		{18D2CFFF-BFFA-4EB1-8AF4-6E4488082189}.Debug|Any CPU.ActiveCfg = Debug|Any CPU
		{18D2CFFF-BFFA-4EB1-8AF4-6E4488082189}.Debug|Any CPU.Build.0 = Debug|Any CPU
		{18D2CFFF-BFFA-4EB1-8AF4-6E4488082189}.Release|Any CPU.ActiveCfg = Release|Any CPU
		{18D2CFFF-BFFA-4EB1-8AF4-6E4488082189}.Release|Any CPU.Build.0 = Release|Any CPU
	EndGlobalSection
	GlobalSection(SolutionProperties) = preSolution
		HideSolutionNode = FALSE
	EndGlobalSection
	GlobalSection(ExtensibilityGlobals) = postSolution
		SolutionGuid = {1B8917A2-2757-46DE-A497-47A362BD4EEE}
	EndGlobalSection
EndGlobal
